// !$*UTF8*$!
{
	archiveVersion = 1;
	classes = {
	};
	objectVersion = 52;
	objects = {

/* Begin PBXBuildFile section */
		0207DA581B56EA530066E2B4 /* Images.xcassets in Resources */ = {isa = PBXBuildFile; fileRef = 0207DA571B56EA530066E2B4 /* Images.xcassets */; };
		03459DF5DB564F39A6E7F96C /* DatePicker.xib in Resources */ = {isa = PBXBuildFile; fileRef = AAFA906C350D4A60A44956EA /* DatePicker.xib */; };
		03BD2DA8AE104D6EA1CC476A /* Diagnostic_Motion.m in Sources */ = {isa = PBXBuildFile; fileRef = 79E5C45FE2834FCF9EA4C1C2 /* Diagnostic_Motion.m */; };
		04FD237D823F4EEDA881E02E /* Diagnostic_Contacts.m in Sources */ = {isa = PBXBuildFile; fileRef = 77C27C8914424B2DBC679AAE /* Diagnostic_Contacts.m */; };
		09828745CADA4520A2AF1431 /* Diagnostic_Calendar.m in Sources */ = {isa = PBXBuildFile; fileRef = 2500582322294FC9A565B3A8 /* Diagnostic_Calendar.m */; };
		0DF143A058174A3283465295 /* Diagnostic_Camera.m in Sources */ = {isa = PBXBuildFile; fileRef = DA4DA73062D442AA94FB9ED9 /* Diagnostic_Camera.m */; };
		0F9E5CA911A642B9B758FF4C /* Social.framework in Frameworks */ = {isa = PBXBuildFile; fileRef = DF6F910A40574815AA92BBA4 /* Social.framework */; settings = {ATTRIBUTES = (Weak, ); }; };
		1267B7D0D2964C7FA4F32747 /* GoogleService-Info.plist in Resources */ = {isa = PBXBuildFile; fileRef = 94A3C8CD819B4BF3B31CDB2B /* GoogleService-Info.plist */; };
		1D3623260D0F684500981E51 /* AppDelegate.m in Sources */ = {isa = PBXBuildFile; fileRef = 1D3623250D0F684500981E51 /* AppDelegate.m */; };
		1D60589B0D05DD56006BFB54 /* main.m in Sources */ = {isa = PBXBuildFile; fileRef = 29B97316FDCFA39411CA2CEA /* main.m */; };
		1DA64736A5C1400D935F4550 /* CoreLocation.framework in Frameworks */ = {isa = PBXBuildFile; fileRef = 03A6582720F24D868FBD846A /* CoreLocation.framework */; };
		1DABD946112540288264A120 /* CDVWKWebViewEngine.m in Sources */ = {isa = PBXBuildFile; fileRef = F8611D04D9094D33A542D52C /* CDVWKWebViewEngine.m */; };
		2408E9E22E4C4DC484434DBC /* SafariServices.framework in Frameworks */ = {isa = PBXBuildFile; fileRef = 80524CF0DD38414EBF4B93B4 /* SafariServices.framework */; settings = {ATTRIBUTES = (Weak, ); }; };
		254996C889104748B553A835 /* UserNotifications.framework in Frameworks */ = {isa = PBXBuildFile; fileRef = 96782186265D44A29226EDB4 /* UserNotifications.framework */; };
		25B4D04B8C9E4D7F886785AD /* FCMNotificationCenterDelegate.m in Sources */ = {isa = PBXBuildFile; fileRef = 741E4DE726114EF9A3E69D61 /* FCMNotificationCenterDelegate.m */; };
		2B3BBDDAFD4B4EEAB41D96D8 /* NSString+SSURLEncoding.m in Sources */ = {isa = PBXBuildFile; fileRef = B9B943AADB314603BF514519 /* NSString+SSURLEncoding.m */; };
		2DC2A39334FF4CB597B23D38 /* AddressBook.framework in Frameworks */ = {isa = PBXBuildFile; fileRef = 965292019F91400497CF30EF /* AddressBook.framework */; };
		301BF552109A68D80062928A /* libCordova.a in Frameworks */ = {isa = PBXBuildFile; fileRef = 301BF535109A57CC0062928A /* libCordova.a */; settings = {ATTRIBUTES = (Required, ); }; };
		302D95F114D2391D003F00A1 /* MainViewController.m in Sources */ = {isa = PBXBuildFile; fileRef = 302D95EF14D2391D003F00A1 /* MainViewController.m */; };
		302D95F214D2391D003F00A1 /* MainViewController.xib in Resources */ = {isa = PBXBuildFile; fileRef = 302D95F014D2391D003F00A1 /* MainViewController.xib */; };
		310856EBC2F345268D428D45 /* CDVLocation.m in Sources */ = {isa = PBXBuildFile; fileRef = 51104CCAB0364BF7BC82E4F7 /* CDVLocation.m */; };
		3332163FA1074DC39C1A8070 /* CDVConnection.m in Sources */ = {isa = PBXBuildFile; fileRef = 05B402D300304FEEBC27EA1C /* CDVConnection.m */; };
		37EF2649A7484309A0B29C3E /* Photos.framework in Frameworks */ = {isa = PBXBuildFile; fileRef = 4AB6CA456DD544C0A15EFF74 /* Photos.framework */; };
		396638A5F11848349DBCABC0 /* Diagnostic.m in Sources */ = {isa = PBXBuildFile; fileRef = 0E314F248F5B4F24A711DA59 /* Diagnostic.m */; };
		3A469CAD23524C06821265C5 /* CDVReachability.m in Sources */ = {isa = PBXBuildFile; fileRef = 2E084C71CF5D4640A5397769 /* CDVReachability.m */; };
		3A684259657641A19CEB2CF1 /* WebKit.framework in Frameworks */ = {isa = PBXBuildFile; fileRef = 0E8245341F8448A3A6719BD8 /* WebKit.framework */; settings = {ATTRIBUTES = (Weak, ); }; };
		3C86ED2472FE485F90EBA521 /* Diagnostic_Location.m in Sources */ = {isa = PBXBuildFile; fileRef = 0B92F473C71542A29072837C /* Diagnostic_Location.m */; };
		3E6FE63290E14DD484EA406B /* CoreBluetooth.framework in Frameworks */ = {isa = PBXBuildFile; fileRef = 602FF0CB1E7940519F528A20 /* CoreBluetooth.framework */; };
		3F4A85951F1246318B9B774B /* CoreMotion.framework in Frameworks */ = {isa = PBXBuildFile; fileRef = 9BD820D0EE8A49E6ADF5E551 /* CoreMotion.framework */; };
		3F505D10BC7D4984AB8886A6 /* Diagnostic_Microphone.m in Sources */ = {isa = PBXBuildFile; fileRef = F9A7F76E985D4935840E9C8E /* Diagnostic_Microphone.m */; };
		430D12A1E9824741B25E5295 /* Diagnostic_Notifications.m in Sources */ = {isa = PBXBuildFile; fileRef = CE1D6872707A4FC395DEE066 /* Diagnostic_Notifications.m */; };
		4EDFE98986CA47CDB6FE4989 /* CFCallNumber.m in Sources */ = {isa = PBXBuildFile; fileRef = 4E7B056296E74F9FB0A25173 /* CFCallNumber.m */; };
		5BD059E2116341C690615167 /* CDVWKProcessPoolFactory.m in Sources */ = {isa = PBXBuildFile; fileRef = 3AEA4135A766448AA303C657 /* CDVWKProcessPoolFactory.m */; };
		684F2D6EEC944D33A450598E /* Contacts.framework in Frameworks */ = {isa = PBXBuildFile; fileRef = 9D2E66EC409E4EC2B6E2D1BB /* Contacts.framework */; };
		6AFF5BF91D6E424B00AB3073 /* CDVLaunchScreen.storyboard in Resources */ = {isa = PBXBuildFile; fileRef = 6AFF5BF81D6E424B00AB3073 /* CDVLaunchScreen.storyboard */; };
		706DD2698374448EA206928F /* CBTBrowserTab.m in Sources */ = {isa = PBXBuildFile; fileRef = CE247BE4B7C443A885AEEF75 /* CBTBrowserTab.m */; };
		72AD57B3846E48308A403BFB /* AppDelegate+FCMPlugin.m in Sources */ = {isa = PBXBuildFile; fileRef = 1A34723DD32D424CA0A080DA /* AppDelegate+FCMPlugin.m */; };
		7454D4E784004F85A19A9682 /* CDVWKWebViewUIDelegate.m in Sources */ = {isa = PBXBuildFile; fileRef = D5478586A5B24C8E8293B63C /* CDVWKWebViewUIDelegate.m */; };
		7579B648D2A24999950258FF /* CoreTelephony.framework in Frameworks */ = {isa = PBXBuildFile; fileRef = 22D3A3C8D0124FC9AF0F845E /* CoreTelephony.framework */; };
		75C5FB8981EA47A6BD05C4C4 /* Diagnostic_Reminders.m in Sources */ = {isa = PBXBuildFile; fileRef = F111349E5029443780C15A54 /* Diagnostic_Reminders.m */; };
		7B90A9A2F8A6423397D786C2 /* FCMPlugin.m in Sources */ = {isa = PBXBuildFile; fileRef = 51B7CEC306254A61A9D8BFFD /* FCMPlugin.m */; };
		80D820AD45F548778E6D02A5 /* CDVIonicKeyboard.m in Sources */ = {isa = PBXBuildFile; fileRef = 13BBCC43F9E14FA594492D19 /* CDVIonicKeyboard.m */; };
		854CDC33A4D5410F91654EAD /* MessageUI.framework in Frameworks */ = {isa = PBXBuildFile; fileRef = DBCF45AA147C4F38AAA189E3 /* MessageUI.framework */; settings = {ATTRIBUTES = (Weak, ); }; };
		9C539FD4E49972A24B6EF5B2 /* libPods-Khanaa.app.a in Frameworks */ = {isa = PBXBuildFile; fileRef = 2CE9FF3050AD72F7E5023966 /* libPods-Khanaa.app.a */; };
		9D5CE6E53710474994FDF77F /* CDVSplashScreen.m in Sources */ = {isa = PBXBuildFile; fileRef = D9F442C89FA84F1AAFA01F21 /* CDVSplashScreen.m */; };
		A350C01135E543E086463CB4 /* NativeGeocoder.swift in Sources */ = {isa = PBXBuildFile; fileRef = 195CD56B1D89446EB719599C /* NativeGeocoder.swift */; };
		AED6C9CF1BAE45D1BEDFEDA2 /* IONAssetHandler.m in Sources */ = {isa = PBXBuildFile; fileRef = 9D2DE7F0FB5C4E9FABB061A7 /* IONAssetHandler.m */; };
		B46B6E4B75DC42D48E0178E2 /* PhotosUI.framework in Frameworks */ = {isa = PBXBuildFile; fileRef = 425C2740CD814665B5E981F5 /* PhotosUI.framework */; };
		B471C40E50BD426CBB7EEA5C /* FCMPluginIOS9Support.m in Sources */ = {isa = PBXBuildFile; fileRef = 05C8C5745C314433A8D1C969 /* FCMPluginIOS9Support.m */; };
		C0CF622747504508ABFFFC4C /* CDVViewController+SplashScreen.m in Sources */ = {isa = PBXBuildFile; fileRef = E798B012E7254953BECED388 /* CDVViewController+SplashScreen.m */; };
		CBE6030C005C475AB44F3568 /* AVFoundation.framework in Frameworks */ = {isa = PBXBuildFile; fileRef = FFB4E125691D43C995BE5726 /* AVFoundation.framework */; };
		D343DE9C00EA44769BDE5931 /* SocialSharing.m in Sources */ = {isa = PBXBuildFile; fileRef = 37C354A3315D42C1BED56BCA /* SocialSharing.m */; };
		D6652E41B1244512ABC6AEC0 /* DatePicker.m in Sources */ = {isa = PBXBuildFile; fileRef = 2C8F3259CB2C4976B28B508E /* DatePicker.m */; };
		D8007B947D814EF6A5D44253 /* SystemConfiguration.framework in Frameworks */ = {isa = PBXBuildFile; fileRef = 84597D6CCFB246BB97E58454 /* SystemConfiguration.framework */; settings = {ATTRIBUTES = (Weak, ); }; };
		DE16D755432246299FC31237 /* CDVStatusBar.m in Sources */ = {isa = PBXBuildFile; fileRef = ECD01315906E4572894436A5 /* CDVStatusBar.m */; };
		E7CE017EF2484B56A4E6140A /* Diagnostic_Wifi.m in Sources */ = {isa = PBXBuildFile; fileRef = 612F2496BE6141C69DE77A0D /* Diagnostic_Wifi.m */; };
		EC5A85B4CB754E6AA3010B92 /* Diagnostic_Bluetooth.m in Sources */ = {isa = PBXBuildFile; fileRef = 6CF88FFE3456421E89CFC713 /* Diagnostic_Bluetooth.m */; };
		ED39CBD73C5141C292A08DA7 /* CDVDevice.m in Sources */ = {isa = PBXBuildFile; fileRef = 15D6161E8A44499FB800BB6A /* CDVDevice.m */; };
		FF95DD86489B46B8A7032320 /* EventKit.framework in Frameworks */ = {isa = PBXBuildFile; fileRef = D228B6E9831A48B8B0C91EF7 /* EventKit.framework */; };
/* End PBXBuildFile section */

/* Begin PBXContainerItemProxy section */
		301BF534109A57CC0062928A /* PBXContainerItemProxy */ = {
			isa = PBXContainerItemProxy;
			containerPortal = 301BF52D109A57CC0062928A /* CordovaLib.xcodeproj */;
			proxyType = 2;
			remoteGlobalIDString = D2AAC07E0554694100DB518D;
			remoteInfo = CordovaLib;
		};
		301BF550109A68C00062928A /* PBXContainerItemProxy */ = {
			isa = PBXContainerItemProxy;
			containerPortal = 301BF52D109A57CC0062928A /* CordovaLib.xcodeproj */;
			proxyType = 1;
			remoteGlobalIDString = D2AAC07D0554694100DB518D;
			remoteInfo = CordovaLib;
		};
		907D8123214C687600058A10 /* PBXContainerItemProxy */ = {
			isa = PBXContainerItemProxy;
			containerPortal = 301BF52D109A57CC0062928A /* CordovaLib.xcodeproj */;
			proxyType = 2;
			remoteGlobalIDString = C0C01EB21E3911D50056E6CB;
			remoteInfo = Cordova;
		};
/* End PBXContainerItemProxy section */

/* Begin PBXFileReference section */
		012604B845CC4651A5A90878 /* Diagnostic_Bluetooth.h */ = {isa = PBXFileReference; explicitFileType = undefined; fileEncoding = 4; includeInIndex = 0; lastKnownFileType = sourcecode.c.h; name = Diagnostic_Bluetooth.h; path = cordova.plugins.diagnostic/Diagnostic_Bluetooth.h; sourceTree = "<group>"; };
		0207DA571B56EA530066E2B4 /* Images.xcassets */ = {isa = PBXFileReference; lastKnownFileType = folder.assetcatalog; name = Images.xcassets; path = Khanaa.app/Images.xcassets; sourceTree = SOURCE_ROOT; };
		0306239EDC8B4D90927A79C7 /* CDVStatusBar.h */ = {isa = PBXFileReference; explicitFileType = undefined; fileEncoding = 4; includeInIndex = 0; lastKnownFileType = sourcecode.c.h; name = CDVStatusBar.h; path = "cordova-plugin-statusbar/CDVStatusBar.h"; sourceTree = "<group>"; };
		03A6582720F24D868FBD846A /* CoreLocation.framework */ = {isa = PBXFileReference; explicitFileType = undefined; fileEncoding = 9; includeInIndex = 0; lastKnownFileType = wrapper.framework; name = CoreLocation.framework; path = System/Library/Frameworks/CoreLocation.framework; sourceTree = SDKROOT; };
		05B402D300304FEEBC27EA1C /* CDVConnection.m */ = {isa = PBXFileReference; explicitFileType = undefined; fileEncoding = 4; includeInIndex = 0; lastKnownFileType = sourcecode.c.objc; name = CDVConnection.m; path = "cordova-plugin-network-information/CDVConnection.m"; sourceTree = "<group>"; };
		05C8C5745C314433A8D1C969 /* FCMPluginIOS9Support.m */ = {isa = PBXFileReference; explicitFileType = undefined; fileEncoding = 4; includeInIndex = 0; lastKnownFileType = sourcecode.c.objc; name = FCMPluginIOS9Support.m; path = "cordova-plugin-fcm-with-dependecy-updated/FCMPluginIOS9Support.m"; sourceTree = "<group>"; };
		0A4A232C7952430F84FA49BE /* Diagnostic_Motion.h */ = {isa = PBXFileReference; explicitFileType = undefined; fileEncoding = 4; includeInIndex = 0; lastKnownFileType = sourcecode.c.h; name = Diagnostic_Motion.h; path = cordova.plugins.diagnostic/Diagnostic_Motion.h; sourceTree = "<group>"; };
		0B92F473C71542A29072837C /* Diagnostic_Location.m */ = {isa = PBXFileReference; explicitFileType = undefined; fileEncoding = 4; includeInIndex = 0; lastKnownFileType = sourcecode.c.objc; name = Diagnostic_Location.m; path = cordova.plugins.diagnostic/Diagnostic_Location.m; sourceTree = "<group>"; };
		0E314F248F5B4F24A711DA59 /* Diagnostic.m */ = {isa = PBXFileReference; explicitFileType = undefined; fileEncoding = 4; includeInIndex = 0; lastKnownFileType = sourcecode.c.objc; name = Diagnostic.m; path = cordova.plugins.diagnostic/Diagnostic.m; sourceTree = "<group>"; };
		0E8245341F8448A3A6719BD8 /* WebKit.framework */ = {isa = PBXFileReference; explicitFileType = undefined; fileEncoding = 9; includeInIndex = 0; lastKnownFileType = wrapper.framework; name = WebKit.framework; path = System/Library/Frameworks/WebKit.framework; sourceTree = SDKROOT; };
		13BBCC43F9E14FA594492D19 /* CDVIonicKeyboard.m */ = {isa = PBXFileReference; explicitFileType = undefined; fileEncoding = 4; includeInIndex = 0; lastKnownFileType = sourcecode.c.objc; name = CDVIonicKeyboard.m; path = "cordova-plugin-ionic-keyboard/CDVIonicKeyboard.m"; sourceTree = "<group>"; };
		1437DCD5D6F34EF2A31E72AB /* Diagnostic_Wifi.h */ = {isa = PBXFileReference; explicitFileType = undefined; fileEncoding = 4; includeInIndex = 0; lastKnownFileType = sourcecode.c.h; name = Diagnostic_Wifi.h; path = cordova.plugins.diagnostic/Diagnostic_Wifi.h; sourceTree = "<group>"; };
		15D6161E8A44499FB800BB6A /* CDVDevice.m */ = {isa = PBXFileReference; explicitFileType = undefined; fileEncoding = 4; includeInIndex = 0; lastKnownFileType = sourcecode.c.objc; name = CDVDevice.m; path = "cordova-plugin-device/CDVDevice.m"; sourceTree = "<group>"; };
		1732B904187140D981C9404C /* CDVLocation.h */ = {isa = PBXFileReference; explicitFileType = undefined; fileEncoding = 4; includeInIndex = 0; lastKnownFileType = sourcecode.c.h; name = CDVLocation.h; path = "cordova-plugin-geolocation/CDVLocation.h"; sourceTree = "<group>"; };
		195CD56B1D89446EB719599C /* NativeGeocoder.swift */ = {isa = PBXFileReference; explicitFileType = undefined; fileEncoding = 4; includeInIndex = 0; lastKnownFileType = sourcecode.swift; name = NativeGeocoder.swift; path = "cordova-plugin-nativegeocoder/NativeGeocoder.swift"; sourceTree = "<group>"; };
		1A34723DD32D424CA0A080DA /* AppDelegate+FCMPlugin.m */ = {isa = PBXFileReference; explicitFileType = undefined; fileEncoding = 4; includeInIndex = 0; lastKnownFileType = sourcecode.c.objc; name = "AppDelegate+FCMPlugin.m"; path = "cordova-plugin-fcm-with-dependecy-updated/AppDelegate+FCMPlugin.m"; sourceTree = "<group>"; };
		1CF10131BC974CAA94A93CDB /* Diagnostic_Camera.h */ = {isa = PBXFileReference; explicitFileType = undefined; fileEncoding = 4; includeInIndex = 0; lastKnownFileType = sourcecode.c.h; name = Diagnostic_Camera.h; path = cordova.plugins.diagnostic/Diagnostic_Camera.h; sourceTree = "<group>"; };
		1D3623240D0F684500981E51 /* AppDelegate.h */ = {isa = PBXFileReference; fileEncoding = 4; lastKnownFileType = sourcecode.c.h; path = AppDelegate.h; sourceTree = "<group>"; };
		1D3623250D0F684500981E51 /* AppDelegate.m */ = {isa = PBXFileReference; fileEncoding = 4; lastKnownFileType = sourcecode.c.objc; path = AppDelegate.m; sourceTree = "<group>"; };
		1D6058910D05DD3D006BFB54 /* Khanaa.app.app */ = {isa = PBXFileReference; explicitFileType = wrapper.application; includeInIndex = 0; path = Khanaa.app.app; sourceTree = BUILT_PRODUCTS_DIR; };
		21C84B8FA9DD4AA0A34A72F0 /* FCMNotificationCenterDelegate.h */ = {isa = PBXFileReference; explicitFileType = undefined; fileEncoding = 4; includeInIndex = 0; lastKnownFileType = sourcecode.c.h; name = FCMNotificationCenterDelegate.h; path = "cordova-plugin-fcm-with-dependecy-updated/FCMNotificationCenterDelegate.h"; sourceTree = "<group>"; };
		22D3A3C8D0124FC9AF0F845E /* CoreTelephony.framework */ = {isa = PBXFileReference; explicitFileType = undefined; fileEncoding = 9; includeInIndex = 0; lastKnownFileType = wrapper.framework; name = CoreTelephony.framework; path = System/Library/Frameworks/CoreTelephony.framework; sourceTree = SDKROOT; };
		2500582322294FC9A565B3A8 /* Diagnostic_Calendar.m */ = {isa = PBXFileReference; explicitFileType = undefined; fileEncoding = 4; includeInIndex = 0; lastKnownFileType = sourcecode.c.objc; name = Diagnostic_Calendar.m; path = cordova.plugins.diagnostic/Diagnostic_Calendar.m; sourceTree = "<group>"; };
		29B97316FDCFA39411CA2CEA /* main.m */ = {isa = PBXFileReference; fileEncoding = 4; lastKnownFileType = sourcecode.c.objc; path = main.m; sourceTree = "<group>"; };
		2C8F3259CB2C4976B28B508E /* DatePicker.m */ = {isa = PBXFileReference; explicitFileType = undefined; fileEncoding = 4; includeInIndex = 0; lastKnownFileType = sourcecode.c.objc; name = DatePicker.m; path = "cordova-plugin-datepicker/DatePicker.m"; sourceTree = "<group>"; };
		2CE9FF3050AD72F7E5023966 /* libPods-Khanaa.app.a */ = {isa = PBXFileReference; explicitFileType = archive.ar; includeInIndex = 0; path = "libPods-Khanaa.app.a"; sourceTree = BUILT_PRODUCTS_DIR; };
		2D35734C49B4476FB877F275 /* CDVWKWebViewEngine.h */ = {isa = PBXFileReference; explicitFileType = undefined; fileEncoding = 4; includeInIndex = 0; lastKnownFileType = sourcecode.c.h; name = CDVWKWebViewEngine.h; path = "cordova-plugin-ionic-webview/CDVWKWebViewEngine.h"; sourceTree = "<group>"; };
		2DD21C142FB34193A93D1379 /* IONAssetHandler.h */ = {isa = PBXFileReference; explicitFileType = undefined; fileEncoding = 4; includeInIndex = 0; lastKnownFileType = sourcecode.c.h; name = IONAssetHandler.h; path = "cordova-plugin-ionic-webview/IONAssetHandler.h"; sourceTree = "<group>"; };
		2E084C71CF5D4640A5397769 /* CDVReachability.m */ = {isa = PBXFileReference; explicitFileType = undefined; fileEncoding = 4; includeInIndex = 0; lastKnownFileType = sourcecode.c.objc; name = CDVReachability.m; path = "cordova-plugin-network-information/CDVReachability.m"; sourceTree = "<group>"; };
		2F51FC2795D24F0B8A3C4EF9 /* Diagnostic_Location.h */ = {isa = PBXFileReference; explicitFileType = undefined; fileEncoding = 4; includeInIndex = 0; lastKnownFileType = sourcecode.c.h; name = Diagnostic_Location.h; path = cordova.plugins.diagnostic/Diagnostic_Location.h; sourceTree = "<group>"; };
		301BF52D109A57CC0062928A /* CordovaLib.xcodeproj */ = {isa = PBXFileReference; lastKnownFileType = "wrapper.pb-project"; name = CordovaLib.xcodeproj; path = CordovaLib/CordovaLib.xcodeproj; sourceTree = "<group>"; };
		301BF56E109A69640062928A /* www */ = {isa = PBXFileReference; lastKnownFileType = folder; path = www; sourceTree = SOURCE_ROOT; };
		302D95EE14D2391D003F00A1 /* MainViewController.h */ = {isa = PBXFileReference; fileEncoding = 4; lastKnownFileType = sourcecode.c.h; path = MainViewController.h; sourceTree = "<group>"; };
		302D95EF14D2391D003F00A1 /* MainViewController.m */ = {isa = PBXFileReference; fileEncoding = 4; lastKnownFileType = sourcecode.c.objc; path = MainViewController.m; sourceTree = "<group>"; };
		302D95F014D2391D003F00A1 /* MainViewController.xib */ = {isa = PBXFileReference; fileEncoding = 4; lastKnownFileType = file.xib; path = MainViewController.xib; sourceTree = "<group>"; };
		3047A50F1AB8059700498E2A /* build-debug.xcconfig */ = {isa = PBXFileReference; fileEncoding = 4; lastKnownFileType = text.xcconfig; name = "build-debug.xcconfig"; path = "cordova/build-debug.xcconfig"; sourceTree = SOURCE_ROOT; };
		3047A5101AB8059700498E2A /* build-release.xcconfig */ = {isa = PBXFileReference; fileEncoding = 4; lastKnownFileType = text.xcconfig; name = "build-release.xcconfig"; path = "cordova/build-release.xcconfig"; sourceTree = SOURCE_ROOT; };
		3047A5111AB8059700498E2A /* build.xcconfig */ = {isa = PBXFileReference; fileEncoding = 4; lastKnownFileType = text.xcconfig; name = build.xcconfig; path = cordova/build.xcconfig; sourceTree = SOURCE_ROOT; };
		32CA4F630368D1EE00C91783 /* Khanaa.app-Prefix.pch */ = {isa = PBXFileReference; fileEncoding = 4; lastKnownFileType = sourcecode.c.h; path = "Khanaa.app-Prefix.pch"; sourceTree = "<group>"; };
		37C354A3315D42C1BED56BCA /* SocialSharing.m */ = {isa = PBXFileReference; explicitFileType = undefined; fileEncoding = 4; includeInIndex = 0; lastKnownFileType = sourcecode.c.objc; name = SocialSharing.m; path = "cordova-plugin-x-socialsharing/SocialSharing.m"; sourceTree = "<group>"; };
		395103D508F94B42A766AC95 /* CDVViewController+SplashScreen.h */ = {isa = PBXFileReference; explicitFileType = undefined; fileEncoding = 4; includeInIndex = 0; lastKnownFileType = sourcecode.c.h; name = "CDVViewController+SplashScreen.h"; path = "cordova-plugin-splashscreen/CDVViewController+SplashScreen.h"; sourceTree = "<group>"; };
		39B0053854C7494D865E575D /* Diagnostic_Calendar.h */ = {isa = PBXFileReference; explicitFileType = undefined; fileEncoding = 4; includeInIndex = 0; lastKnownFileType = sourcecode.c.h; name = Diagnostic_Calendar.h; path = cordova.plugins.diagnostic/Diagnostic_Calendar.h; sourceTree = "<group>"; };
		3AEA4135A766448AA303C657 /* CDVWKProcessPoolFactory.m */ = {isa = PBXFileReference; explicitFileType = undefined; fileEncoding = 4; includeInIndex = 0; lastKnownFileType = sourcecode.c.objc; name = CDVWKProcessPoolFactory.m; path = "cordova-plugin-ionic-webview/CDVWKProcessPoolFactory.m"; sourceTree = "<group>"; };
		425C2740CD814665B5E981F5 /* PhotosUI.framework */ = {isa = PBXFileReference; explicitFileType = undefined; fileEncoding = 9; includeInIndex = 0; lastKnownFileType = wrapper.framework; name = PhotosUI.framework; path = System/Library/Frameworks/PhotosUI.framework; sourceTree = SDKROOT; };
		42C928BF3E594994B0E5A383 /* Diagnostic.h */ = {isa = PBXFileReference; explicitFileType = undefined; fileEncoding = 4; includeInIndex = 0; lastKnownFileType = sourcecode.c.h; name = Diagnostic.h; path = cordova.plugins.diagnostic/Diagnostic.h; sourceTree = "<group>"; };
		46DEF69CEDBC44C2B0431D8D /* SocialSharing.h */ = {isa = PBXFileReference; explicitFileType = undefined; fileEncoding = 4; includeInIndex = 0; lastKnownFileType = sourcecode.c.h; name = SocialSharing.h; path = "cordova-plugin-x-socialsharing/SocialSharing.h"; sourceTree = "<group>"; };
		4AB6CA456DD544C0A15EFF74 /* Photos.framework */ = {isa = PBXFileReference; explicitFileType = undefined; fileEncoding = 9; includeInIndex = 0; lastKnownFileType = wrapper.framework; name = Photos.framework; path = System/Library/Frameworks/Photos.framework; sourceTree = SDKROOT; };
		4B1B70BB6BB44685A4FA16AE /* FCMPluginIOS9Support.h */ = {isa = PBXFileReference; explicitFileType = undefined; fileEncoding = 4; includeInIndex = 0; lastKnownFileType = sourcecode.c.h; name = FCMPluginIOS9Support.h; path = "cordova-plugin-fcm-with-dependecy-updated/FCMPluginIOS9Support.h"; sourceTree = "<group>"; };
		4E7B056296E74F9FB0A25173 /* CFCallNumber.m */ = {isa = PBXFileReference; explicitFileType = undefined; fileEncoding = 4; includeInIndex = 0; lastKnownFileType = sourcecode.c.objc; name = CFCallNumber.m; path = "call-number/CFCallNumber.m"; sourceTree = "<group>"; };
		4F7313D97AFA4606B06EC108 /* Diagnostic_Microphone.h */ = {isa = PBXFileReference; explicitFileType = undefined; fileEncoding = 4; includeInIndex = 0; lastKnownFileType = sourcecode.c.h; name = Diagnostic_Microphone.h; path = cordova.plugins.diagnostic/Diagnostic_Microphone.h; sourceTree = "<group>"; };
		51104CCAB0364BF7BC82E4F7 /* CDVLocation.m */ = {isa = PBXFileReference; explicitFileType = undefined; fileEncoding = 4; includeInIndex = 0; lastKnownFileType = sourcecode.c.objc; name = CDVLocation.m; path = "cordova-plugin-geolocation/CDVLocation.m"; sourceTree = "<group>"; };
		51B7CEC306254A61A9D8BFFD /* FCMPlugin.m */ = {isa = PBXFileReference; explicitFileType = undefined; fileEncoding = 4; includeInIndex = 0; lastKnownFileType = sourcecode.c.objc; name = FCMPlugin.m; path = "cordova-plugin-fcm-with-dependecy-updated/FCMPlugin.m"; sourceTree = "<group>"; };
		57F66544F7004835895AF550 /* CDVWKProcessPoolFactory.h */ = {isa = PBXFileReference; explicitFileType = undefined; fileEncoding = 4; includeInIndex = 0; lastKnownFileType = sourcecode.c.h; name = CDVWKProcessPoolFactory.h; path = "cordova-plugin-ionic-webview/CDVWKProcessPoolFactory.h"; sourceTree = "<group>"; };
		602FF0CB1E7940519F528A20 /* CoreBluetooth.framework */ = {isa = PBXFileReference; explicitFileType = undefined; fileEncoding = 9; includeInIndex = 0; lastKnownFileType = wrapper.framework; name = CoreBluetooth.framework; path = System/Library/Frameworks/CoreBluetooth.framework; sourceTree = SDKROOT; };
		604FE3EA32FF43AF970FACCD /* CDVWKWebViewUIDelegate.h */ = {isa = PBXFileReference; explicitFileType = undefined; fileEncoding = 4; includeInIndex = 0; lastKnownFileType = sourcecode.c.h; name = CDVWKWebViewUIDelegate.h; path = "cordova-plugin-ionic-webview/CDVWKWebViewUIDelegate.h"; sourceTree = "<group>"; };
		612F2496BE6141C69DE77A0D /* Diagnostic_Wifi.m */ = {isa = PBXFileReference; explicitFileType = undefined; fileEncoding = 4; includeInIndex = 0; lastKnownFileType = sourcecode.c.objc; name = Diagnostic_Wifi.m; path = cordova.plugins.diagnostic/Diagnostic_Wifi.m; sourceTree = "<group>"; };
		62C06ED0BC2F43A581338FBA /* AppDelegate+FCMPlugin.h */ = {isa = PBXFileReference; explicitFileType = undefined; fileEncoding = 4; includeInIndex = 0; lastKnownFileType = sourcecode.c.h; name = "AppDelegate+FCMPlugin.h"; path = "cordova-plugin-fcm-with-dependecy-updated/AppDelegate+FCMPlugin.h"; sourceTree = "<group>"; };
		6AFF5BF81D6E424B00AB3073 /* CDVLaunchScreen.storyboard */ = {isa = PBXFileReference; fileEncoding = 4; lastKnownFileType = file.storyboard; name = CDVLaunchScreen.storyboard; path = Khanaa.app/CDVLaunchScreen.storyboard; sourceTree = SOURCE_ROOT; };
		6CF88FFE3456421E89CFC713 /* Diagnostic_Bluetooth.m */ = {isa = PBXFileReference; explicitFileType = undefined; fileEncoding = 4; includeInIndex = 0; lastKnownFileType = sourcecode.c.objc; name = Diagnostic_Bluetooth.m; path = cordova.plugins.diagnostic/Diagnostic_Bluetooth.m; sourceTree = "<group>"; };
		72AB7E74DF3E441AAF9F59BF /* FCMPlugin.h */ = {isa = PBXFileReference; explicitFileType = undefined; fileEncoding = 4; includeInIndex = 0; lastKnownFileType = sourcecode.c.h; name = FCMPlugin.h; path = "cordova-plugin-fcm-with-dependecy-updated/FCMPlugin.h"; sourceTree = "<group>"; };
		741E4DE726114EF9A3E69D61 /* FCMNotificationCenterDelegate.m */ = {isa = PBXFileReference; explicitFileType = undefined; fileEncoding = 4; includeInIndex = 0; lastKnownFileType = sourcecode.c.objc; name = FCMNotificationCenterDelegate.m; path = "cordova-plugin-fcm-with-dependecy-updated/FCMNotificationCenterDelegate.m"; sourceTree = "<group>"; };
		77C27C8914424B2DBC679AAE /* Diagnostic_Contacts.m */ = {isa = PBXFileReference; explicitFileType = undefined; fileEncoding = 4; includeInIndex = 0; lastKnownFileType = sourcecode.c.objc; name = Diagnostic_Contacts.m; path = cordova.plugins.diagnostic/Diagnostic_Contacts.m; sourceTree = "<group>"; };
		79E5C45FE2834FCF9EA4C1C2 /* Diagnostic_Motion.m */ = {isa = PBXFileReference; explicitFileType = undefined; fileEncoding = 4; includeInIndex = 0; lastKnownFileType = sourcecode.c.objc; name = Diagnostic_Motion.m; path = cordova.plugins.diagnostic/Diagnostic_Motion.m; sourceTree = "<group>"; };
		80524CF0DD38414EBF4B93B4 /* SafariServices.framework */ = {isa = PBXFileReference; explicitFileType = undefined; fileEncoding = 9; includeInIndex = 0; lastKnownFileType = wrapper.framework; name = SafariServices.framework; path = System/Library/Frameworks/SafariServices.framework; sourceTree = SDKROOT; };
		84597D6CCFB246BB97E58454 /* SystemConfiguration.framework */ = {isa = PBXFileReference; explicitFileType = undefined; fileEncoding = 9; includeInIndex = 0; lastKnownFileType = wrapper.framework; name = SystemConfiguration.framework; path = System/Library/Frameworks/SystemConfiguration.framework; sourceTree = SDKROOT; };
		8D1107310486CEB800E47090 /* Khanaa.app-Info.plist */ = {isa = PBXFileReference; fileEncoding = 4; lastKnownFileType = text.plist.xml; name = "Khanaa.app-Info.plist"; path = "Khanaa.app/Khanaa.app-Info.plist"; plistStructureDefinitionIdentifier = "com.apple.xcode.plist.structure-definition.iphone.info-plist"; sourceTree = SOURCE_ROOT; };
		94A3C8CD819B4BF3B31CDB2B /* GoogleService-Info.plist */ = {isa = PBXFileReference; explicitFileType = undefined; fileEncoding = 4; includeInIndex = 0; lastKnownFileType = text.plist.xml; name = "GoogleService-Info.plist"; path = "Resources/GoogleService-Info.plist"; sourceTree = "<group>"; };
		965292019F91400497CF30EF /* AddressBook.framework */ = {isa = PBXFileReference; explicitFileType = undefined; fileEncoding = 9; includeInIndex = 0; lastKnownFileType = wrapper.framework; name = AddressBook.framework; path = System/Library/Frameworks/AddressBook.framework; sourceTree = SDKROOT; };
		96782186265D44A29226EDB4 /* UserNotifications.framework */ = {isa = PBXFileReference; explicitFileType = undefined; fileEncoding = 9; includeInIndex = 0; lastKnownFileType = wrapper.framework; name = UserNotifications.framework; path = System/Library/Frameworks/UserNotifications.framework; sourceTree = SDKROOT; };
		9A7D3BECAE9F4C72B00E3E57 /* CDVDevice.h */ = {isa = PBXFileReference; explicitFileType = undefined; fileEncoding = 4; includeInIndex = 0; lastKnownFileType = sourcecode.c.h; name = CDVDevice.h; path = "cordova-plugin-device/CDVDevice.h"; sourceTree = "<group>"; };
		9BD820D0EE8A49E6ADF5E551 /* CoreMotion.framework */ = {isa = PBXFileReference; explicitFileType = undefined; fileEncoding = 9; includeInIndex = 0; lastKnownFileType = wrapper.framework; name = CoreMotion.framework; path = System/Library/Frameworks/CoreMotion.framework; sourceTree = SDKROOT; };
		9D2DE7F0FB5C4E9FABB061A7 /* IONAssetHandler.m */ = {isa = PBXFileReference; explicitFileType = undefined; fileEncoding = 4; includeInIndex = 0; lastKnownFileType = sourcecode.c.objc; name = IONAssetHandler.m; path = "cordova-plugin-ionic-webview/IONAssetHandler.m"; sourceTree = "<group>"; };
		9D2E66EC409E4EC2B6E2D1BB /* Contacts.framework */ = {isa = PBXFileReference; explicitFileType = undefined; fileEncoding = 9; includeInIndex = 0; lastKnownFileType = wrapper.framework; name = Contacts.framework; path = System/Library/Frameworks/Contacts.framework; sourceTree = SDKROOT; };
		A2971DC4761846D7A7CE7EC2 /* CBTBrowserTab.h */ = {isa = PBXFileReference; explicitFileType = undefined; fileEncoding = 4; includeInIndex = 0; lastKnownFileType = sourcecode.c.h; name = CBTBrowserTab.h; path = "cordova-plugin-browsertab/CBTBrowserTab.h"; sourceTree = "<group>"; };
		AAFA906C350D4A60A44956EA /* DatePicker.xib */ = {isa = PBXFileReference; explicitFileType = undefined; fileEncoding = 9; includeInIndex = 0; lastKnownFileType = file.xib; path = DatePicker.xib; sourceTree = "<group>"; };
		AC51531E7C9748898AC1C4BD /* CFCallNumber.h */ = {isa = PBXFileReference; explicitFileType = undefined; fileEncoding = 4; includeInIndex = 0; lastKnownFileType = sourcecode.c.h; name = CFCallNumber.h; path = "call-number/CFCallNumber.h"; sourceTree = "<group>"; };
		AD5325D024AE440DB8D6515A /* NSString+SSURLEncoding.h */ = {isa = PBXFileReference; explicitFileType = undefined; fileEncoding = 4; includeInIndex = 0; lastKnownFileType = sourcecode.c.h; name = "NSString+SSURLEncoding.h"; path = "cordova-plugin-x-socialsharing/NSString+SSURLEncoding.h"; sourceTree = "<group>"; };
		AD5E0C55E98B9A737F90D7D4 /* Pods-Khanaa.app.debug.xcconfig */ = {isa = PBXFileReference; includeInIndex = 1; lastKnownFileType = text.xcconfig; name = "Pods-Khanaa.app.debug.xcconfig"; path = "Target Support Files/Pods-Khanaa.app/Pods-Khanaa.app.debug.xcconfig"; sourceTree = "<group>"; };
		AE7E66494E4C46DBB6817832 /* CDVReachability.h */ = {isa = PBXFileReference; explicitFileType = undefined; fileEncoding = 4; includeInIndex = 0; lastKnownFileType = sourcecode.c.h; name = CDVReachability.h; path = "cordova-plugin-network-information/CDVReachability.h"; sourceTree = "<group>"; };
		B2E02D82EDEC4B8B8C40A054 /* Diagnostic_Reminders.h */ = {isa = PBXFileReference; explicitFileType = undefined; fileEncoding = 4; includeInIndex = 0; lastKnownFileType = sourcecode.c.h; name = Diagnostic_Reminders.h; path = cordova.plugins.diagnostic/Diagnostic_Reminders.h; sourceTree = "<group>"; };
		B9B943AADB314603BF514519 /* NSString+SSURLEncoding.m */ = {isa = PBXFileReference; explicitFileType = undefined; fileEncoding = 4; includeInIndex = 0; lastKnownFileType = sourcecode.c.objc; name = "NSString+SSURLEncoding.m"; path = "cordova-plugin-x-socialsharing/NSString+SSURLEncoding.m"; sourceTree = "<group>"; };
		CCBF4CE3530B4E259345E1AC /* CDVIonicKeyboard.h */ = {isa = PBXFileReference; explicitFileType = undefined; fileEncoding = 4; includeInIndex = 0; lastKnownFileType = sourcecode.c.h; name = CDVIonicKeyboard.h; path = "cordova-plugin-ionic-keyboard/CDVIonicKeyboard.h"; sourceTree = "<group>"; };
		CE1D6872707A4FC395DEE066 /* Diagnostic_Notifications.m */ = {isa = PBXFileReference; explicitFileType = undefined; fileEncoding = 4; includeInIndex = 0; lastKnownFileType = sourcecode.c.objc; name = Diagnostic_Notifications.m; path = cordova.plugins.diagnostic/Diagnostic_Notifications.m; sourceTree = "<group>"; };
		CE247BE4B7C443A885AEEF75 /* CBTBrowserTab.m */ = {isa = PBXFileReference; explicitFileType = undefined; fileEncoding = 4; includeInIndex = 0; lastKnownFileType = sourcecode.c.objc; name = CBTBrowserTab.m; path = "cordova-plugin-browsertab/CBTBrowserTab.m"; sourceTree = "<group>"; };
		D228B6E9831A48B8B0C91EF7 /* EventKit.framework */ = {isa = PBXFileReference; explicitFileType = undefined; fileEncoding = 9; includeInIndex = 0; lastKnownFileType = wrapper.framework; name = EventKit.framework; path = System/Library/Frameworks/EventKit.framework; sourceTree = SDKROOT; };
		D35BA32D134945A58A8DFA14 /* Diagnostic_Notifications.h */ = {isa = PBXFileReference; explicitFileType = undefined; fileEncoding = 4; includeInIndex = 0; lastKnownFileType = sourcecode.c.h; name = Diagnostic_Notifications.h; path = cordova.plugins.diagnostic/Diagnostic_Notifications.h; sourceTree = "<group>"; };
		D5478586A5B24C8E8293B63C /* CDVWKWebViewUIDelegate.m */ = {isa = PBXFileReference; explicitFileType = undefined; fileEncoding = 4; includeInIndex = 0; lastKnownFileType = sourcecode.c.objc; name = CDVWKWebViewUIDelegate.m; path = "cordova-plugin-ionic-webview/CDVWKWebViewUIDelegate.m"; sourceTree = "<group>"; };
		D77FB61A382B4924AD8B626B /* CDVSplashScreen.h */ = {isa = PBXFileReference; explicitFileType = undefined; fileEncoding = 4; includeInIndex = 0; lastKnownFileType = sourcecode.c.h; name = CDVSplashScreen.h; path = "cordova-plugin-splashscreen/CDVSplashScreen.h"; sourceTree = "<group>"; };
		D9E8A4724323496EA9F44DD3 /* NativeGeocoder-Bridging-Header.h */ = {isa = PBXFileReference; explicitFileType = undefined; fileEncoding = 4; includeInIndex = 0; lastKnownFileType = sourcecode.c.h; name = "NativeGeocoder-Bridging-Header.h"; path = "cordova-plugin-nativegeocoder/NativeGeocoder-Bridging-Header.h"; sourceTree = "<group>"; };
		D9F442C89FA84F1AAFA01F21 /* CDVSplashScreen.m */ = {isa = PBXFileReference; explicitFileType = undefined; fileEncoding = 4; includeInIndex = 0; lastKnownFileType = sourcecode.c.objc; name = CDVSplashScreen.m; path = "cordova-plugin-splashscreen/CDVSplashScreen.m"; sourceTree = "<group>"; };
		DA4DA73062D442AA94FB9ED9 /* Diagnostic_Camera.m */ = {isa = PBXFileReference; explicitFileType = undefined; fileEncoding = 4; includeInIndex = 0; lastKnownFileType = sourcecode.c.objc; name = Diagnostic_Camera.m; path = cordova.plugins.diagnostic/Diagnostic_Camera.m; sourceTree = "<group>"; };
		DBCF45AA147C4F38AAA189E3 /* MessageUI.framework */ = {isa = PBXFileReference; explicitFileType = undefined; fileEncoding = 9; includeInIndex = 0; lastKnownFileType = wrapper.framework; name = MessageUI.framework; path = System/Library/Frameworks/MessageUI.framework; sourceTree = SDKROOT; };
		DF6F910A40574815AA92BBA4 /* Social.framework */ = {isa = PBXFileReference; explicitFileType = undefined; fileEncoding = 9; includeInIndex = 0; lastKnownFileType = wrapper.framework; name = Social.framework; path = System/Library/Frameworks/Social.framework; sourceTree = SDKROOT; };
		DFCFEF258BF748AD85E02261 /* Diagnostic_Contacts.h */ = {isa = PBXFileReference; explicitFileType = undefined; fileEncoding = 4; includeInIndex = 0; lastKnownFileType = sourcecode.c.h; name = Diagnostic_Contacts.h; path = cordova.plugins.diagnostic/Diagnostic_Contacts.h; sourceTree = "<group>"; };
		DFDA06422742E86270BC1F2C /* Pods-Khanaa.app.release.xcconfig */ = {isa = PBXFileReference; includeInIndex = 1; lastKnownFileType = text.xcconfig; name = "Pods-Khanaa.app.release.xcconfig"; path = "Target Support Files/Pods-Khanaa.app/Pods-Khanaa.app.release.xcconfig"; sourceTree = "<group>"; };
		E798B012E7254953BECED388 /* CDVViewController+SplashScreen.m */ = {isa = PBXFileReference; explicitFileType = undefined; fileEncoding = 4; includeInIndex = 0; lastKnownFileType = sourcecode.c.objc; name = "CDVViewController+SplashScreen.m"; path = "cordova-plugin-splashscreen/CDVViewController+SplashScreen.m"; sourceTree = "<group>"; };
		EB87FDF31871DA8E0020F90C /* www */ = {isa = PBXFileReference; lastKnownFileType = folder; name = www; path = ../../www; sourceTree = "<group>"; };
		EB87FDF41871DAF40020F90C /* config.xml */ = {isa = PBXFileReference; lastKnownFileType = text.xml; name = config.xml; path = ../../config.xml; sourceTree = "<group>"; };
		ECA8EEC174BF41AAA8D56B78 /* DatePicker.h */ = {isa = PBXFileReference; explicitFileType = undefined; fileEncoding = 4; includeInIndex = 0; lastKnownFileType = sourcecode.c.h; name = DatePicker.h; path = "cordova-plugin-datepicker/DatePicker.h"; sourceTree = "<group>"; };
		ECD01315906E4572894436A5 /* CDVStatusBar.m */ = {isa = PBXFileReference; explicitFileType = undefined; fileEncoding = 4; includeInIndex = 0; lastKnownFileType = sourcecode.c.objc; name = CDVStatusBar.m; path = "cordova-plugin-statusbar/CDVStatusBar.m"; sourceTree = "<group>"; };
		ED33DF2A687741AEAF9F8254 /* Bridging-Header.h */ = {isa = PBXFileReference; fileEncoding = 4; lastKnownFileType = sourcecode.c.h; path = "Bridging-Header.h"; sourceTree = "<group>"; };
		F0E1A54C98314C73AC720757 /* CDVConnection.h */ = {isa = PBXFileReference; explicitFileType = undefined; fileEncoding = 4; includeInIndex = 0; lastKnownFileType = sourcecode.c.h; name = CDVConnection.h; path = "cordova-plugin-network-information/CDVConnection.h"; sourceTree = "<group>"; };
		F111349E5029443780C15A54 /* Diagnostic_Reminders.m */ = {isa = PBXFileReference; explicitFileType = undefined; fileEncoding = 4; includeInIndex = 0; lastKnownFileType = sourcecode.c.objc; name = Diagnostic_Reminders.m; path = cordova.plugins.diagnostic/Diagnostic_Reminders.m; sourceTree = "<group>"; };
		F840E1F0165FE0F500CFE078 /* config.xml */ = {isa = PBXFileReference; lastKnownFileType = text.xml; name = config.xml; path = Khanaa.app/config.xml; sourceTree = "<group>"; };
		F8611D04D9094D33A542D52C /* CDVWKWebViewEngine.m */ = {isa = PBXFileReference; explicitFileType = undefined; fileEncoding = 4; includeInIndex = 0; lastKnownFileType = sourcecode.c.objc; name = CDVWKWebViewEngine.m; path = "cordova-plugin-ionic-webview/CDVWKWebViewEngine.m"; sourceTree = "<group>"; };
		F9A7F76E985D4935840E9C8E /* Diagnostic_Microphone.m */ = {isa = PBXFileReference; explicitFileType = undefined; fileEncoding = 4; includeInIndex = 0; lastKnownFileType = sourcecode.c.objc; name = Diagnostic_Microphone.m; path = cordova.plugins.diagnostic/Diagnostic_Microphone.m; sourceTree = "<group>"; };
		FFB4E125691D43C995BE5726 /* AVFoundation.framework */ = {isa = PBXFileReference; explicitFileType = undefined; fileEncoding = 9; includeInIndex = 0; lastKnownFileType = wrapper.framework; name = AVFoundation.framework; path = System/Library/Frameworks/AVFoundation.framework; sourceTree = SDKROOT; };
/* End PBXFileReference section */

/* Begin PBXFrameworksBuildPhase section */
		1D60588F0D05DD3D006BFB54 /* Frameworks */ = {
			isa = PBXFrameworksBuildPhase;
			buildActionMask = 2147483647;
			files = (
				301BF552109A68D80062928A /* libCordova.a in Frameworks */,
				2408E9E22E4C4DC484434DBC /* SafariServices.framework in Frameworks */,
				9C539FD4E49972A24B6EF5B2 /* libPods-Khanaa.app.a in Frameworks */,
				1DA64736A5C1400D935F4550 /* CoreLocation.framework in Frameworks */,
				3A684259657641A19CEB2CF1 /* WebKit.framework in Frameworks */,
				0F9E5CA911A642B9B758FF4C /* Social.framework in Frameworks */,
				854CDC33A4D5410F91654EAD /* MessageUI.framework in Frameworks */,
				3E6FE63290E14DD484EA406B /* CoreBluetooth.framework in Frameworks */,
				37EF2649A7484309A0B29C3E /* Photos.framework in Frameworks */,
				B46B6E4B75DC42D48E0178E2 /* PhotosUI.framework in Frameworks */,
				CBE6030C005C475AB44F3568 /* AVFoundation.framework in Frameworks */,
				254996C889104748B553A835 /* UserNotifications.framework in Frameworks */,
				684F2D6EEC944D33A450598E /* Contacts.framework in Frameworks */,
				2DC2A39334FF4CB597B23D38 /* AddressBook.framework in Frameworks */,
				FF95DD86489B46B8A7032320 /* EventKit.framework in Frameworks */,
				3F4A85951F1246318B9B774B /* CoreMotion.framework in Frameworks */,
				D8007B947D814EF6A5D44253 /* SystemConfiguration.framework in Frameworks */,
				7579B648D2A24999950258FF /* CoreTelephony.framework in Frameworks */,
			);
			runOnlyForDeploymentPostprocessing = 0;
		};
/* End PBXFrameworksBuildPhase section */

/* Begin PBXGroup section */
		080E96DDFE201D6D7F000001 /* Classes */ = {
			isa = PBXGroup;
			children = (
				302D95EE14D2391D003F00A1 /* MainViewController.h */,
				302D95EF14D2391D003F00A1 /* MainViewController.m */,
				302D95F014D2391D003F00A1 /* MainViewController.xib */,
				1D3623240D0F684500981E51 /* AppDelegate.h */,
				1D3623250D0F684500981E51 /* AppDelegate.m */,
			);
			name = Classes;
			path = Khanaa.app/Classes;
			sourceTree = SOURCE_ROOT;
		};
		19C28FACFE9D520D11CA2CBB /* Products */ = {
			isa = PBXGroup;
			children = (
				1D6058910D05DD3D006BFB54 /* Khanaa.app.app */,
			);
			name = Products;
			sourceTree = "<group>";
		};
		29B97314FDCFA39411CA2CEA /* CustomTemplate */ = {
			isa = PBXGroup;
			children = (
				EB87FDF41871DAF40020F90C /* config.xml */,
				EB87FDF31871DA8E0020F90C /* www */,
				EB87FDF11871DA420020F90C /* Staging */,
				301BF52D109A57CC0062928A /* CordovaLib.xcodeproj */,
				080E96DDFE201D6D7F000001 /* Classes */,
				307C750510C5A3420062BCA9 /* Plugins */,
				29B97315FDCFA39411CA2CEA /* Other Sources */,
				29B97317FDCFA39411CA2CEA /* Resources */,
				29B97323FDCFA39411CA2CEA /* Frameworks */,
				19C28FACFE9D520D11CA2CBB /* Products */,
				DC14904DD2DDFE9FFA8E9535 /* Pods */,
			);
			name = CustomTemplate;
			sourceTree = "<group>";
		};
		29B97315FDCFA39411CA2CEA /* Other Sources */ = {
			isa = PBXGroup;
			children = (
				32CA4F630368D1EE00C91783 /* Khanaa.app-Prefix.pch */,
				29B97316FDCFA39411CA2CEA /* main.m */,
				ED33DF2A687741AEAF9F8254 /* Bridging-Header.h */,
			);
			name = "Other Sources";
			path = Khanaa.app;
			sourceTree = "<group>";
		};
		29B97317FDCFA39411CA2CEA /* Resources */ = {
			isa = PBXGroup;
			children = (
				0207DA571B56EA530066E2B4 /* Images.xcassets */,
				3047A50E1AB8057F00498E2A /* config */,
				8D1107310486CEB800E47090 /* Khanaa.app-Info.plist */,
				6AFF5BF81D6E424B00AB3073 /* CDVLaunchScreen.storyboard */,
				AAFA906C350D4A60A44956EA /* DatePicker.xib */,
				94A3C8CD819B4BF3B31CDB2B /* GoogleService-Info.plist */,
			);
			name = Resources;
			path = Khanaa.app/Resources;
			sourceTree = "<group>";
		};
		29B97323FDCFA39411CA2CEA /* Frameworks */ = {
			isa = PBXGroup;
			children = (
				80524CF0DD38414EBF4B93B4 /* SafariServices.framework */,
				2CE9FF3050AD72F7E5023966 /* libPods-Khanaa.app.a */,
				03A6582720F24D868FBD846A /* CoreLocation.framework */,
				0E8245341F8448A3A6719BD8 /* WebKit.framework */,
				DF6F910A40574815AA92BBA4 /* Social.framework */,
				DBCF45AA147C4F38AAA189E3 /* MessageUI.framework */,
				602FF0CB1E7940519F528A20 /* CoreBluetooth.framework */,
				4AB6CA456DD544C0A15EFF74 /* Photos.framework */,
				425C2740CD814665B5E981F5 /* PhotosUI.framework */,
				FFB4E125691D43C995BE5726 /* AVFoundation.framework */,
				96782186265D44A29226EDB4 /* UserNotifications.framework */,
				9D2E66EC409E4EC2B6E2D1BB /* Contacts.framework */,
				965292019F91400497CF30EF /* AddressBook.framework */,
				D228B6E9831A48B8B0C91EF7 /* EventKit.framework */,
				9BD820D0EE8A49E6ADF5E551 /* CoreMotion.framework */,
				84597D6CCFB246BB97E58454 /* SystemConfiguration.framework */,
				22D3A3C8D0124FC9AF0F845E /* CoreTelephony.framework */,
			);
			name = Frameworks;
			sourceTree = "<group>";
		};
		301BF52E109A57CC0062928A /* Products */ = {
			isa = PBXGroup;
			children = (
				301BF535109A57CC0062928A /* libCordova.a */,
				907D8124214C687600058A10 /* Cordova.framework */,
			);
			name = Products;
			sourceTree = "<group>";
		};
		3047A50E1AB8057F00498E2A /* config */ = {
			isa = PBXGroup;
			children = (
				3047A50F1AB8059700498E2A /* build-debug.xcconfig */,
				3047A5101AB8059700498E2A /* build-release.xcconfig */,
				3047A5111AB8059700498E2A /* build.xcconfig */,
			);
			name = config;
			sourceTree = "<group>";
		};
		307C750510C5A3420062BCA9 /* Plugins */ = {
			isa = PBXGroup;
			children = (
				4E7B056296E74F9FB0A25173 /* CFCallNumber.m */,
				AC51531E7C9748898AC1C4BD /* CFCallNumber.h */,
				CE247BE4B7C443A885AEEF75 /* CBTBrowserTab.m */,
				A2971DC4761846D7A7CE7EC2 /* CBTBrowserTab.h */,
				2C8F3259CB2C4976B28B508E /* DatePicker.m */,
				ECA8EEC174BF41AAA8D56B78 /* DatePicker.h */,
				15D6161E8A44499FB800BB6A /* CDVDevice.m */,
				9A7D3BECAE9F4C72B00E3E57 /* CDVDevice.h */,
				51B7CEC306254A61A9D8BFFD /* FCMPlugin.m */,
				1A34723DD32D424CA0A080DA /* AppDelegate+FCMPlugin.m */,
				05C8C5745C314433A8D1C969 /* FCMPluginIOS9Support.m */,
				741E4DE726114EF9A3E69D61 /* FCMNotificationCenterDelegate.m */,
				72AB7E74DF3E441AAF9F59BF /* FCMPlugin.h */,
				62C06ED0BC2F43A581338FBA /* AppDelegate+FCMPlugin.h */,
				4B1B70BB6BB44685A4FA16AE /* FCMPluginIOS9Support.h */,
				21C84B8FA9DD4AA0A34A72F0 /* FCMNotificationCenterDelegate.h */,
				51104CCAB0364BF7BC82E4F7 /* CDVLocation.m */,
				1732B904187140D981C9404C /* CDVLocation.h */,
				13BBCC43F9E14FA594492D19 /* CDVIonicKeyboard.m */,
				CCBF4CE3530B4E259345E1AC /* CDVIonicKeyboard.h */,
				F8611D04D9094D33A542D52C /* CDVWKWebViewEngine.m */,
				D5478586A5B24C8E8293B63C /* CDVWKWebViewUIDelegate.m */,
				3AEA4135A766448AA303C657 /* CDVWKProcessPoolFactory.m */,
				9D2DE7F0FB5C4E9FABB061A7 /* IONAssetHandler.m */,
				2D35734C49B4476FB877F275 /* CDVWKWebViewEngine.h */,
				604FE3EA32FF43AF970FACCD /* CDVWKWebViewUIDelegate.h */,
				57F66544F7004835895AF550 /* CDVWKProcessPoolFactory.h */,
				2DD21C142FB34193A93D1379 /* IONAssetHandler.h */,
				195CD56B1D89446EB719599C /* NativeGeocoder.swift */,
				D9E8A4724323496EA9F44DD3 /* NativeGeocoder-Bridging-Header.h */,
				D9F442C89FA84F1AAFA01F21 /* CDVSplashScreen.m */,
				E798B012E7254953BECED388 /* CDVViewController+SplashScreen.m */,
				D77FB61A382B4924AD8B626B /* CDVSplashScreen.h */,
				395103D508F94B42A766AC95 /* CDVViewController+SplashScreen.h */,
				ECD01315906E4572894436A5 /* CDVStatusBar.m */,
				0306239EDC8B4D90927A79C7 /* CDVStatusBar.h */,
				B9B943AADB314603BF514519 /* NSString+SSURLEncoding.m */,
				37C354A3315D42C1BED56BCA /* SocialSharing.m */,
				AD5325D024AE440DB8D6515A /* NSString+SSURLEncoding.h */,
				46DEF69CEDBC44C2B0431D8D /* SocialSharing.h */,
				0E314F248F5B4F24A711DA59 /* Diagnostic.m */,
				0B92F473C71542A29072837C /* Diagnostic_Location.m */,
				6CF88FFE3456421E89CFC713 /* Diagnostic_Bluetooth.m */,
				612F2496BE6141C69DE77A0D /* Diagnostic_Wifi.m */,
				DA4DA73062D442AA94FB9ED9 /* Diagnostic_Camera.m */,
				CE1D6872707A4FC395DEE066 /* Diagnostic_Notifications.m */,
				F9A7F76E985D4935840E9C8E /* Diagnostic_Microphone.m */,
				77C27C8914424B2DBC679AAE /* Diagnostic_Contacts.m */,
				2500582322294FC9A565B3A8 /* Diagnostic_Calendar.m */,
				F111349E5029443780C15A54 /* Diagnostic_Reminders.m */,
				79E5C45FE2834FCF9EA4C1C2 /* Diagnostic_Motion.m */,
				42C928BF3E594994B0E5A383 /* Diagnostic.h */,
				2F51FC2795D24F0B8A3C4EF9 /* Diagnostic_Location.h */,
				012604B845CC4651A5A90878 /* Diagnostic_Bluetooth.h */,
				1437DCD5D6F34EF2A31E72AB /* Diagnostic_Wifi.h */,
				1CF10131BC974CAA94A93CDB /* Diagnostic_Camera.h */,
				D35BA32D134945A58A8DFA14 /* Diagnostic_Notifications.h */,
				4F7313D97AFA4606B06EC108 /* Diagnostic_Microphone.h */,
				DFCFEF258BF748AD85E02261 /* Diagnostic_Contacts.h */,
				39B0053854C7494D865E575D /* Diagnostic_Calendar.h */,
				B2E02D82EDEC4B8B8C40A054 /* Diagnostic_Reminders.h */,
				0A4A232C7952430F84FA49BE /* Diagnostic_Motion.h */,
				05B402D300304FEEBC27EA1C /* CDVConnection.m */,
				2E084C71CF5D4640A5397769 /* CDVReachability.m */,
				F0E1A54C98314C73AC720757 /* CDVConnection.h */,
				AE7E66494E4C46DBB6817832 /* CDVReachability.h */,
			);
			name = Plugins;
			path = Khanaa.app/Plugins;
			sourceTree = SOURCE_ROOT;
		};
		DC14904DD2DDFE9FFA8E9535 /* Pods */ = {
			isa = PBXGroup;
			children = (
				AD5E0C55E98B9A737F90D7D4 /* Pods-Khanaa.app.debug.xcconfig */,
				DFDA06422742E86270BC1F2C /* Pods-Khanaa.app.release.xcconfig */,
			);
			path = Pods;
			sourceTree = "<group>";
		};
		EB87FDF11871DA420020F90C /* Staging */ = {
			isa = PBXGroup;
			children = (
				F840E1F0165FE0F500CFE078 /* config.xml */,
				301BF56E109A69640062928A /* www */,
			);
			name = Staging;
			sourceTree = "<group>";
		};
/* End PBXGroup section */

/* Begin PBXNativeTarget section */
		1D6058900D05DD3D006BFB54 /* Khanaa.app */ = {
			isa = PBXNativeTarget;
			buildConfigurationList = 1D6058960D05DD3E006BFB54 /* Build configuration list for PBXNativeTarget "Khanaa.app" */;
			buildPhases = (
				DC8CE47B20CB196231F93E29 /* [CP] Check Pods Manifest.lock */,
				304B58A110DAC018002A0835 /* Copy www directory */,
				1D60588D0D05DD3D006BFB54 /* Resources */,
				1D60588E0D05DD3D006BFB54 /* Sources */,
				1D60588F0D05DD3D006BFB54 /* Frameworks */,
			);
			buildRules = (
			);
			dependencies = (
				301BF551109A68C00062928A /* PBXTargetDependency */,
			);
			name = Khanaa.app;
			productName = Khanaa.app;
			productReference = 1D6058910D05DD3D006BFB54 /* Khanaa.app.app */;
			productType = "com.apple.product-type.application";
		};
/* End PBXNativeTarget section */

/* Begin PBXProject section */
		29B97313FDCFA39411CA2CEA /* Project object */ = {
			isa = PBXProject;
			attributes = {
				LastUpgradeCheck = 1130;
				TargetAttributes = {
					1D6058900D05DD3D006BFB54 = {
						LastSwiftMigration = "";
					};
				};
			};
			buildConfigurationList = C01FCF4E08A954540054247B /* Build configuration list for PBXProject "Khanaa.app" */;
			compatibilityVersion = "Xcode 11.0";
			developmentRegion = en;
			hasScannedForEncodings = 1;
			knownRegions = (
				en,
				Base,
			);
			mainGroup = 29B97314FDCFA39411CA2CEA /* CustomTemplate */;
			productRefGroup = 19C28FACFE9D520D11CA2CBB /* Products */;
			projectDirPath = "";
			projectReferences = (
				{
					ProductGroup = 301BF52E109A57CC0062928A /* Products */;
					ProjectRef = 301BF52D109A57CC0062928A /* CordovaLib.xcodeproj */;
				},
			);
			projectRoot = "";
			targets = (
				1D6058900D05DD3D006BFB54 /* Khanaa.app */,
			);
		};
/* End PBXProject section */

/* Begin PBXReferenceProxy section */
		301BF535109A57CC0062928A /* libCordova.a */ = {
			isa = PBXReferenceProxy;
			fileType = archive.ar;
			path = libCordova.a;
			remoteRef = 301BF534109A57CC0062928A /* PBXContainerItemProxy */;
			sourceTree = BUILT_PRODUCTS_DIR;
		};
		907D8124214C687600058A10 /* Cordova.framework */ = {
			isa = PBXReferenceProxy;
			fileType = wrapper.framework;
			path = Cordova.framework;
			remoteRef = 907D8123214C687600058A10 /* PBXContainerItemProxy */;
			sourceTree = BUILT_PRODUCTS_DIR;
		};
/* End PBXReferenceProxy section */

/* Begin PBXResourcesBuildPhase section */
		1D60588D0D05DD3D006BFB54 /* Resources */ = {
			isa = PBXResourcesBuildPhase;
			buildActionMask = 2147483647;
			files = (
				302D95F214D2391D003F00A1 /* MainViewController.xib in Resources */,
				0207DA581B56EA530066E2B4 /* Images.xcassets in Resources */,
				6AFF5BF91D6E424B00AB3073 /* CDVLaunchScreen.storyboard in Resources */,
				03459DF5DB564F39A6E7F96C /* DatePicker.xib in Resources */,
				1267B7D0D2964C7FA4F32747 /* GoogleService-Info.plist in Resources */,
			);
			runOnlyForDeploymentPostprocessing = 0;
		};
/* End PBXResourcesBuildPhase section */

/* Begin PBXShellScriptBuildPhase section */
		304B58A110DAC018002A0835 /* Copy www directory */ = {
			isa = PBXShellScriptBuildPhase;
			buildActionMask = 2147483647;
			files = (
			);
			inputPaths = (
			);
			name = "Copy www directory";
			outputPaths = (
			);
			runOnlyForDeploymentPostprocessing = 0;
			shellPath = /bin/sh;
			shellScript = "\"$SRCROOT/Khanaa.app/Scripts/copy-www-build-step.sh\"";
			showEnvVarsInLog = 0;
		};
		DC8CE47B20CB196231F93E29 /* [CP] Check Pods Manifest.lock */ = {
			isa = PBXShellScriptBuildPhase;
			buildActionMask = 2147483647;
			files = (
			);
			inputFileListPaths = (
			);
			inputPaths = (
				"${PODS_PODFILE_DIR_PATH}/Podfile.lock",
				"${PODS_ROOT}/Manifest.lock",
			);
			name = "[CP] Check Pods Manifest.lock";
			outputFileListPaths = (
			);
			outputPaths = (
				"$(DERIVED_FILE_DIR)/Pods-Khanaa.app-checkManifestLockResult.txt",
			);
			runOnlyForDeploymentPostprocessing = 0;
			shellPath = /bin/sh;
			shellScript = "diff \"${PODS_PODFILE_DIR_PATH}/Podfile.lock\" \"${PODS_ROOT}/Manifest.lock\" > /dev/null\nif [ $? != 0 ] ; then\n    # print error to STDERR\n    echo \"error: The sandbox is not in sync with the Podfile.lock. Run 'pod install' or update your CocoaPods installation.\" >&2\n    exit 1\nfi\n# This output is used by Xcode 'outputs' to avoid re-running this script phase.\necho \"SUCCESS\" > \"${SCRIPT_OUTPUT_FILE_0}\"\n";
			showEnvVarsInLog = 0;
		};
/* End PBXShellScriptBuildPhase section */

/* Begin PBXSourcesBuildPhase section */
		1D60588E0D05DD3D006BFB54 /* Sources */ = {
			isa = PBXSourcesBuildPhase;
			buildActionMask = 2147483647;
			files = (
				1D60589B0D05DD56006BFB54 /* main.m in Sources */,
				1D3623260D0F684500981E51 /* AppDelegate.m in Sources */,
				302D95F114D2391D003F00A1 /* MainViewController.m in Sources */,
				4EDFE98986CA47CDB6FE4989 /* CFCallNumber.m in Sources */,
				706DD2698374448EA206928F /* CBTBrowserTab.m in Sources */,
				D6652E41B1244512ABC6AEC0 /* DatePicker.m in Sources */,
				ED39CBD73C5141C292A08DA7 /* CDVDevice.m in Sources */,
				7B90A9A2F8A6423397D786C2 /* FCMPlugin.m in Sources */,
				72AD57B3846E48308A403BFB /* AppDelegate+FCMPlugin.m in Sources */,
				B471C40E50BD426CBB7EEA5C /* FCMPluginIOS9Support.m in Sources */,
				25B4D04B8C9E4D7F886785AD /* FCMNotificationCenterDelegate.m in Sources */,
				310856EBC2F345268D428D45 /* CDVLocation.m in Sources */,
				80D820AD45F548778E6D02A5 /* CDVIonicKeyboard.m in Sources */,
				1DABD946112540288264A120 /* CDVWKWebViewEngine.m in Sources */,
				7454D4E784004F85A19A9682 /* CDVWKWebViewUIDelegate.m in Sources */,
				5BD059E2116341C690615167 /* CDVWKProcessPoolFactory.m in Sources */,
				AED6C9CF1BAE45D1BEDFEDA2 /* IONAssetHandler.m in Sources */,
				A350C01135E543E086463CB4 /* NativeGeocoder.swift in Sources */,
				9D5CE6E53710474994FDF77F /* CDVSplashScreen.m in Sources */,
				C0CF622747504508ABFFFC4C /* CDVViewController+SplashScreen.m in Sources */,
				DE16D755432246299FC31237 /* CDVStatusBar.m in Sources */,
				2B3BBDDAFD4B4EEAB41D96D8 /* NSString+SSURLEncoding.m in Sources */,
				D343DE9C00EA44769BDE5931 /* SocialSharing.m in Sources */,
				396638A5F11848349DBCABC0 /* Diagnostic.m in Sources */,
				3C86ED2472FE485F90EBA521 /* Diagnostic_Location.m in Sources */,
				EC5A85B4CB754E6AA3010B92 /* Diagnostic_Bluetooth.m in Sources */,
				E7CE017EF2484B56A4E6140A /* Diagnostic_Wifi.m in Sources */,
				0DF143A058174A3283465295 /* Diagnostic_Camera.m in Sources */,
				430D12A1E9824741B25E5295 /* Diagnostic_Notifications.m in Sources */,
				3F505D10BC7D4984AB8886A6 /* Diagnostic_Microphone.m in Sources */,
				04FD237D823F4EEDA881E02E /* Diagnostic_Contacts.m in Sources */,
				09828745CADA4520A2AF1431 /* Diagnostic_Calendar.m in Sources */,
				75C5FB8981EA47A6BD05C4C4 /* Diagnostic_Reminders.m in Sources */,
				03BD2DA8AE104D6EA1CC476A /* Diagnostic_Motion.m in Sources */,
				3332163FA1074DC39C1A8070 /* CDVConnection.m in Sources */,
				3A469CAD23524C06821265C5 /* CDVReachability.m in Sources */,
			);
			runOnlyForDeploymentPostprocessing = 0;
		};
/* End PBXSourcesBuildPhase section */

/* Begin PBXTargetDependency section */
		301BF551109A68C00062928A /* PBXTargetDependency */ = {
			isa = PBXTargetDependency;
			name = CordovaLib;
			targetProxy = 301BF550109A68C00062928A /* PBXContainerItemProxy */;
		};
/* End PBXTargetDependency section */

/* Begin XCBuildConfiguration section */
		1D6058940D05DD3E006BFB54 /* Debug */ = {
			isa = XCBuildConfiguration;
			baseConfigurationReference = 3047A50F1AB8059700498E2A /* build-debug.xcconfig */;
			buildSettings = {
				ALWAYS_EMBED_SWIFT_STANDARD_LIBRARIES = YES;
				ALWAYS_SEARCH_USER_PATHS = NO;
				ASSETCATALOG_COMPILER_APPICON_NAME = AppIcon;
				CLANG_ENABLE_MODULES = YES;
				CLANG_ENABLE_OBJC_ARC = YES;
				CODE_SIGN_IDENTITY = "Apple Development";
				CODE_SIGN_STYLE = Automatic;
				COPY_PHASE_STRIP = NO;
				CURRENT_PROJECT_VERSION = 1.2.7;
				DEVELOPMENT_TEAM = B6SAS36GD2;
				GCC_DYNAMIC_NO_PIC = NO;
				GCC_OPTIMIZATION_LEVEL = 0;
				GCC_PRECOMPILE_PREFIX_HEADER = YES;
				GCC_PREFIX_HEADER = "Khanaa.app/Khanaa.app-Prefix.pch";
				GCC_THUMB_SUPPORT = NO;
				GCC_VERSION = "";
				INFOPLIST_FILE = "Khanaa.app/Khanaa.app-Info.plist";
				IPHONEOS_DEPLOYMENT_TARGET = 11.0;
				LD_RUNPATH_SEARCH_PATHS = "@executable_path/Frameworks";
				MARKETING_VERSION = 1.2.7;
				PRODUCT_BUNDLE_IDENTIFIER = com.food.forAll;
				PRODUCT_NAME = "$(TARGET_NAME)";
				PROVISIONING_PROFILE_SPECIFIER = "";
				SWIFT_OBJC_BRIDGING_HEADER = "$(PROJECT_DIR)/$(PROJECT_NAME)/Bridging-Header.h";
				SWIFT_OPTIMIZATION_LEVEL = "-Onone";
				SWIFT_VERSION = 4.0;
				TARGETED_DEVICE_FAMILY = "1,2";
				VALIDATE_WORKSPACE = NO;
			};
			name = Debug;
		};
		1D6058950D05DD3E006BFB54 /* Release */ = {
			isa = XCBuildConfiguration;
			baseConfigurationReference = 3047A5101AB8059700498E2A /* build-release.xcconfig */;
			buildSettings = {
				ALWAYS_EMBED_SWIFT_STANDARD_LIBRARIES = YES;
				ALWAYS_SEARCH_USER_PATHS = NO;
				ASSETCATALOG_COMPILER_APPICON_NAME = AppIcon;
				CLANG_ENABLE_MODULES = YES;
				CLANG_ENABLE_OBJC_ARC = YES;
				CODE_SIGN_IDENTITY = "Apple Development";
				CODE_SIGN_STYLE = Automatic;
				COPY_PHASE_STRIP = YES;
				CURRENT_PROJECT_VERSION = 1.2.7;
				DEVELOPMENT_TEAM = B6SAS36GD2;
				GCC_PRECOMPILE_PREFIX_HEADER = YES;
				GCC_PREFIX_HEADER = "Khanaa.app/Khanaa.app-Prefix.pch";
				GCC_THUMB_SUPPORT = NO;
				GCC_VERSION = "";
				INFOPLIST_FILE = "Khanaa.app/Khanaa.app-Info.plist";
				IPHONEOS_DEPLOYMENT_TARGET = 11.0;
				LD_RUNPATH_SEARCH_PATHS = "@executable_path/Frameworks";
				MARKETING_VERSION = 1.2.7;
				PRODUCT_BUNDLE_IDENTIFIER = com.food.forAll;
				PRODUCT_NAME = "$(TARGET_NAME)";
				PROVISIONING_PROFILE_SPECIFIER = "";
				SWIFT_OBJC_BRIDGING_HEADER = "$(PROJECT_DIR)/$(PROJECT_NAME)/Bridging-Header.h";
				SWIFT_VERSION = 4.0;
				TARGETED_DEVICE_FAMILY = "1,2";
				VALIDATE_WORKSPACE = NO;
			};
			name = Release;
		};
		C01FCF4F08A954540054247B /* Debug */ = {
			isa = XCBuildConfiguration;
			baseConfigurationReference = 3047A5111AB8059700498E2A /* build.xcconfig */;
			buildSettings = {
				ALWAYS_EMBED_SWIFT_STANDARD_LIBRARIES = YES;
				CLANG_ANALYZER_LOCALIZABILITY_NONLOCALIZED = YES;
				CLANG_ENABLE_MODULES = YES;
				CLANG_ENABLE_OBJC_ARC = YES;
				CLANG_WARN_BLOCK_CAPTURE_AUTORELEASING = YES;
				CLANG_WARN_BOOL_CONVERSION = YES;
				CLANG_WARN_COMMA = YES;
				CLANG_WARN_CONSTANT_CONVERSION = YES;
				CLANG_WARN_DEPRECATED_OBJC_IMPLEMENTATIONS = YES;
				CLANG_WARN_EMPTY_BODY = YES;
				CLANG_WARN_ENUM_CONVERSION = YES;
				CLANG_WARN_INFINITE_RECURSION = YES;
				CLANG_WARN_INT_CONVERSION = YES;
				CLANG_WARN_NON_LITERAL_NULL_CONVERSION = YES;
				CLANG_WARN_OBJC_IMPLICIT_RETAIN_SELF = YES;
				CLANG_WARN_OBJC_LITERAL_CONVERSION = YES;
				CLANG_WARN_RANGE_LOOP_ANALYSIS = YES;
				CLANG_WARN_STRICT_PROTOTYPES = YES;
				CLANG_WARN_SUSPICIOUS_MOVE = YES;
				CLANG_WARN_UNREACHABLE_CODE = YES;
				CLANG_WARN__DUPLICATE_METHOD_MATCH = YES;
				ENABLE_STRICT_OBJC_MSGSEND = YES;
				ENABLE_TESTABILITY = YES;
				GCC_C_LANGUAGE_STANDARD = c99;
				GCC_NO_COMMON_BLOCKS = YES;
				GCC_THUMB_SUPPORT = NO;
				GCC_VERSION = "";
				GCC_WARN_64_TO_32_BIT_CONVERSION = YES;
				GCC_WARN_ABOUT_RETURN_TYPE = YES;
				GCC_WARN_UNDECLARED_SELECTOR = YES;
				GCC_WARN_UNINITIALIZED_AUTOS = YES;
				GCC_WARN_UNUSED_FUNCTION = YES;
				GCC_WARN_UNUSED_VARIABLE = YES;
				IPHONEOS_DEPLOYMENT_TARGET = 11.0;
				ONLY_ACTIVE_ARCH = YES;
				SDKROOT = iphoneos;
				SKIP_INSTALL = NO;
				SWIFT_OBJC_BRIDGING_HEADER = "$(PROJECT_DIR)/$(PROJECT_NAME)/Bridging-Header.h";
				SWIFT_OPTIMIZATION_LEVEL = "-Onone";
				SWIFT_VERSION = 4.0;
				WK_WEB_VIEW_ONLY = 1;
			};
			name = Debug;
		};
		C01FCF5008A954540054247B /* Release */ = {
			isa = XCBuildConfiguration;
			baseConfigurationReference = 3047A5111AB8059700498E2A /* build.xcconfig */;
			buildSettings = {
				ALWAYS_EMBED_SWIFT_STANDARD_LIBRARIES = YES;
				CLANG_ANALYZER_LOCALIZABILITY_NONLOCALIZED = YES;
				CLANG_ENABLE_MODULES = YES;
				CLANG_ENABLE_OBJC_ARC = YES;
				CLANG_WARN_BLOCK_CAPTURE_AUTORELEASING = YES;
				CLANG_WARN_BOOL_CONVERSION = YES;
				CLANG_WARN_COMMA = YES;
				CLANG_WARN_CONSTANT_CONVERSION = YES;
				CLANG_WARN_DEPRECATED_OBJC_IMPLEMENTATIONS = YES;
				CLANG_WARN_EMPTY_BODY = YES;
				CLANG_WARN_ENUM_CONVERSION = YES;
				CLANG_WARN_INFINITE_RECURSION = YES;
				CLANG_WARN_INT_CONVERSION = YES;
				CLANG_WARN_NON_LITERAL_NULL_CONVERSION = YES;
				CLANG_WARN_OBJC_IMPLICIT_RETAIN_SELF = YES;
				CLANG_WARN_OBJC_LITERAL_CONVERSION = YES;
				CLANG_WARN_RANGE_LOOP_ANALYSIS = YES;
				CLANG_WARN_STRICT_PROTOTYPES = YES;
				CLANG_WARN_SUSPICIOUS_MOVE = YES;
				CLANG_WARN_UNREACHABLE_CODE = YES;
				CLANG_WARN__DUPLICATE_METHOD_MATCH = YES;
				ENABLE_STRICT_OBJC_MSGSEND = YES;
				GCC_C_LANGUAGE_STANDARD = c99;
				GCC_NO_COMMON_BLOCKS = YES;
				GCC_THUMB_SUPPORT = NO;
				GCC_VERSION = "";
				GCC_WARN_64_TO_32_BIT_CONVERSION = YES;
				GCC_WARN_ABOUT_RETURN_TYPE = YES;
				GCC_WARN_UNDECLARED_SELECTOR = YES;
				GCC_WARN_UNINITIALIZED_AUTOS = YES;
				GCC_WARN_UNUSED_FUNCTION = YES;
				GCC_WARN_UNUSED_VARIABLE = YES;
				IPHONEOS_DEPLOYMENT_TARGET = 11.0;
				SDKROOT = iphoneos;
				SKIP_INSTALL = NO;
				SWIFT_OBJC_BRIDGING_HEADER = "$(PROJECT_DIR)/$(PROJECT_NAME)/Bridging-Header.h";
				SWIFT_VERSION = 4.0;
				WK_WEB_VIEW_ONLY = 1;
			};
			name = Release;
		};
/* End XCBuildConfiguration section */

/* Begin XCConfigurationList section */
		1D6058960D05DD3E006BFB54 /* Build configuration list for PBXNativeTarget "Khanaa.app" */ = {
			isa = XCConfigurationList;
			buildConfigurations = (
				1D6058940D05DD3E006BFB54 /* Debug */,
				1D6058950D05DD3E006BFB54 /* Release */,
			);
			defaultConfigurationIsVisible = 0;
			defaultConfigurationName = Release;
		};
		C01FCF4E08A954540054247B /* Build configuration list for PBXProject "Khanaa.app" */ = {
			isa = XCConfigurationList;
			buildConfigurations = (
				C01FCF4F08A954540054247B /* Debug */,
				C01FCF5008A954540054247B /* Release */,
			);
			defaultConfigurationIsVisible = 0;
			defaultConfigurationName = Release;
		};
/* End XCConfigurationList section */
	};
	rootObject = 29B97313FDCFA39411CA2CEA /* Project object */;
}
